
Microsoft Visual Studio Solution File, Format Version 12.00
# Visual Studio 15
VisualStudioVersion = 15.0.27130.2027
MinimumVisualStudioVersion = 10.0.40219.1
Project("{FAE04EC0-301F-11D3-BF4B-00C04F79EFBC}") = "TP_Linq_Avance", "TP_Linq_Avance.csproj", "{6DCFB4C1-604B-47A7-B4D1-01CE903DC2F8}"
EndProject
Global
	GlobalSection(SolutionConfigurationPlatforms) = preSolution
		Debug|Any CPU = Debug|Any CPU
		Release|Any CPU = Release|Any CPU
	EndGlobalSection
	GlobalSection(ProjectConfigurationPlatforms) = postSolution
		{6DCFB4C1-604B-47A7-B4D1-01CE903DC2F8}.Debug|Any CPU.ActiveCfg = Debug|Any CPU
		{6DCFB4C1-604B-47A7-B4D1-01CE903DC2F8}.Debug|Any CPU.Build.0 = Debug|Any CPU
		{6DCFB4C1-604B-47A7-B4D1-01CE903DC2F8}.Release|Any CPU.ActiveCfg = Release|Any CPU
		{6DCFB4C1-604B-47A7-B4D1-01CE903DC2F8}.Release|Any CPU.Build.0 = Release|Any CPU
	EndGlobalSection
	GlobalSection(SolutionProperties) = preSolution
		HideSolutionNode = FALSE
	EndGlobalSection
	GlobalSection(ExtensibilityGlobals) = postSolution
		SolutionGuid = {544D7FE5-3384-4D03-A978-F49E05803A55}
	EndGlobalSection
EndGlobal
