
Microsoft Visual Studio Solution File, Format Version 12.00
# Visual Studio 14
VisualStudioVersion = 14.0.24720.0
MinimumVisualStudioVersion = 10.0.40219.1
Project("{FAE04EC0-301F-11D3-BF4B-00C04F79EFBC}") = "DataSoftAPI", "DataSoftAPI\DataSoftAPI.csproj", "{8B051F89-0F3A-407C-ABF0-2D38962D7DF3}"
EndProject
Project("{FAE04EC0-301F-11D3-BF4B-00C04F79EFBC}") = "API", "API\API.csproj", "{E744BB09-7357-45D8-81BB-049320C048DD}"
EndProject
Global
	GlobalSection(SolutionConfigurationPlatforms) = preSolution
		Debug|Any CPU = Debug|Any CPU
		Release|Any CPU = Release|Any CPU
	EndGlobalSection
	GlobalSection(ProjectConfigurationPlatforms) = postSolution
		{8B051F89-0F3A-407C-ABF0-2D38962D7DF3}.Debug|Any CPU.ActiveCfg = Debug|Any CPU
		{8B051F89-0F3A-407C-ABF0-2D38962D7DF3}.Debug|Any CPU.Build.0 = Debug|Any CPU
		{8B051F89-0F3A-407C-ABF0-2D38962D7DF3}.Release|Any CPU.ActiveCfg = Release|Any CPU
		{8B051F89-0F3A-407C-ABF0-2D38962D7DF3}.Release|Any CPU.Build.0 = Release|Any CPU
		{E744BB09-7357-45D8-81BB-049320C048DD}.Debug|Any CPU.ActiveCfg = Debug|Any CPU
		{E744BB09-7357-45D8-81BB-049320C048DD}.Debug|Any CPU.Build.0 = Debug|Any CPU
		{E744BB09-7357-45D8-81BB-049320C048DD}.Release|Any CPU.ActiveCfg = Release|Any CPU
		{E744BB09-7357-45D8-81BB-049320C048DD}.Release|Any CPU.Build.0 = Release|Any CPU
	EndGlobalSection
	GlobalSection(SolutionProperties) = preSolution
		HideSolutionNode = FALSE
	EndGlobalSection
EndGlobal
