
Microsoft Visual Studio Solution File, Format Version 12.00
# Visual Studio 14
VisualStudioVersion = 14.0.24720.0
MinimumVisualStudioVersion = 10.0.40219.1
Project("{FAE04EC0-301F-11D3-BF4B-00C04F79EFBC}") = "WebSportEntity", "WebSportEntity\WebSportEntity.csproj", "{194808BC-6D1D-49D2-B7CB-6A9E79777692}"
EndProject
Project("{FAE04EC0-301F-11D3-BF4B-00C04F79EFBC}") = "BO", "BO\BO.csproj", "{6BF1C2B2-2E0B-450E-892A-D13448275FD4}"
EndProject
Project("{FAE04EC0-301F-11D3-BF4B-00C04F79EFBC}") = "DAL", "DAL\DAL.csproj", "{616EFB45-9E41-4592-A9AD-4AE015B2538A}"
EndProject
Global
	GlobalSection(SolutionConfigurationPlatforms) = preSolution
		Debug|Any CPU = Debug|Any CPU
		Release|Any CPU = Release|Any CPU
	EndGlobalSection
	GlobalSection(ProjectConfigurationPlatforms) = postSolution
		{194808BC-6D1D-49D2-B7CB-6A9E79777692}.Debug|Any CPU.ActiveCfg = Debug|Any CPU
		{194808BC-6D1D-49D2-B7CB-6A9E79777692}.Debug|Any CPU.Build.0 = Debug|Any CPU
		{194808BC-6D1D-49D2-B7CB-6A9E79777692}.Release|Any CPU.ActiveCfg = Release|Any CPU
		{194808BC-6D1D-49D2-B7CB-6A9E79777692}.Release|Any CPU.Build.0 = Release|Any CPU
		{6BF1C2B2-2E0B-450E-892A-D13448275FD4}.Debug|Any CPU.ActiveCfg = Debug|Any CPU
		{6BF1C2B2-2E0B-450E-892A-D13448275FD4}.Debug|Any CPU.Build.0 = Debug|Any CPU
		{6BF1C2B2-2E0B-450E-892A-D13448275FD4}.Release|Any CPU.ActiveCfg = Release|Any CPU
		{6BF1C2B2-2E0B-450E-892A-D13448275FD4}.Release|Any CPU.Build.0 = Release|Any CPU
		{616EFB45-9E41-4592-A9AD-4AE015B2538A}.Debug|Any CPU.ActiveCfg = Debug|Any CPU
		{616EFB45-9E41-4592-A9AD-4AE015B2538A}.Debug|Any CPU.Build.0 = Debug|Any CPU
		{616EFB45-9E41-4592-A9AD-4AE015B2538A}.Release|Any CPU.ActiveCfg = Release|Any CPU
		{616EFB45-9E41-4592-A9AD-4AE015B2538A}.Release|Any CPU.Build.0 = Release|Any CPU
	EndGlobalSection
	GlobalSection(SolutionProperties) = preSolution
		HideSolutionNode = FALSE
	EndGlobalSection
EndGlobal
