
Microsoft Visual Studio Solution File, Format Version 12.00
# Visual Studio 15
VisualStudioVersion = 15.0.27428.2005
MinimumVisualStudioVersion = 10.0.40219.1
Project("{FAE04EC0-301F-11D3-BF4B-00C04F79EFBC}") = "WebApplication2", "WebApplication2\WebApplication2.csproj", "{756B55CE-765E-448B-9C95-8AAE55B49D48}"
EndProject
Global
	GlobalSection(SolutionConfigurationPlatforms) = preSolution
		Debug|Any CPU = Debug|Any CPU
		Release|Any CPU = Release|Any CPU
	EndGlobalSection
	GlobalSection(ProjectConfigurationPlatforms) = postSolution
		{756B55CE-765E-448B-9C95-8AAE55B49D48}.Debug|Any CPU.ActiveCfg = Debug|Any CPU
		{756B55CE-765E-448B-9C95-8AAE55B49D48}.Debug|Any CPU.Build.0 = Debug|Any CPU
		{756B55CE-765E-448B-9C95-8AAE55B49D48}.Release|Any CPU.ActiveCfg = Release|Any CPU
		{756B55CE-765E-448B-9C95-8AAE55B49D48}.Release|Any CPU.Build.0 = Release|Any CPU
	EndGlobalSection
	GlobalSection(SolutionProperties) = preSolution
		HideSolutionNode = FALSE
	EndGlobalSection
	GlobalSection(ExtensibilityGlobals) = postSolution
		SolutionGuid = {047D61AF-1D6F-428C-80CE-A97E7D78F7F7}
	EndGlobalSection
EndGlobal
