
Microsoft Visual Studio Solution File, Format Version 12.00
# Visual Studio 14
VisualStudioVersion = 14.0.24720.0
MinimumVisualStudioVersion = 10.0.40219.1
Project("{FAE04EC0-301F-11D3-BF4B-00C04F79EFBC}") = "SiteWeb", "SiteWeb\SiteWeb.csproj", "{D482D82E-D493-49C9-811A-3E82C2E8F8C5}"
EndProject
Project("{FAE04EC0-301F-11D3-BF4B-00C04F79EFBC}") = "BO", "BO\BO.csproj", "{0244CC8A-979E-46D4-8D36-F171C7229500}"
EndProject
Global
	GlobalSection(SolutionConfigurationPlatforms) = preSolution
		Debug|Any CPU = Debug|Any CPU
		Release|Any CPU = Release|Any CPU
	EndGlobalSection
	GlobalSection(ProjectConfigurationPlatforms) = postSolution
		{D482D82E-D493-49C9-811A-3E82C2E8F8C5}.Debug|Any CPU.ActiveCfg = Debug|Any CPU
		{D482D82E-D493-49C9-811A-3E82C2E8F8C5}.Debug|Any CPU.Build.0 = Debug|Any CPU
		{D482D82E-D493-49C9-811A-3E82C2E8F8C5}.Release|Any CPU.ActiveCfg = Release|Any CPU
		{D482D82E-D493-49C9-811A-3E82C2E8F8C5}.Release|Any CPU.Build.0 = Release|Any CPU
		{0244CC8A-979E-46D4-8D36-F171C7229500}.Debug|Any CPU.ActiveCfg = Debug|Any CPU
		{0244CC8A-979E-46D4-8D36-F171C7229500}.Debug|Any CPU.Build.0 = Debug|Any CPU
		{0244CC8A-979E-46D4-8D36-F171C7229500}.Release|Any CPU.ActiveCfg = Release|Any CPU
		{0244CC8A-979E-46D4-8D36-F171C7229500}.Release|Any CPU.Build.0 = Release|Any CPU
	EndGlobalSection
	GlobalSection(SolutionProperties) = preSolution
		HideSolutionNode = FALSE
	EndGlobalSection
EndGlobal
